
Microsoft Visual Studio Solution File, Format Version 12.00
# Visual Studio Version 17
VisualStudioVersion = 17.6.33723.286
MinimumVisualStudioVersion = 10.0.40219.1
Project("{9A19103F-16F7-4668-BE54-9A1E7A4F7556}") = "MVC_Osobe", "MVC_Osobe\MVC_Osobe.csproj", "{1D83A94E-D93B-46D2-906D-0446E7106F33}"
EndProject
Project("{9A19103F-16F7-4668-BE54-9A1E7A4F7556}") = "MVC_Uvod", "MVC_Uvod\MVC_Uvod.csproj", "{77FA2A53-2C55-4AAB-A03D-C0D14CB31481}"
EndProject
Project("{FAE04EC0-301F-11D3-BF4B-00C04F79EFBC}") = "MVC_Razor_syntax", "MVC_Razor_syntax\MVC_Razor_syntax.csproj", "{B3055BF4-F5A8-44FA-9829-1EDAAA03B076}"
EndProject
Project("{FAE04EC0-301F-11D3-BF4B-00C04F79EFBC}") = "MVC_Računi", "MVC_Računi\MVC_Računi.csproj", "{D9193E64-8D3F-4548-B493-C175832722C6}"
EndProject
Global
	GlobalSection(SolutionConfigurationPlatforms) = preSolution
		Debug|Any CPU = Debug|Any CPU
		Release|Any CPU = Release|Any CPU
	EndGlobalSection
	GlobalSection(ProjectConfigurationPlatforms) = postSolution
		{1D83A94E-D93B-46D2-906D-0446E7106F33}.Debug|Any CPU.ActiveCfg = Debug|Any CPU
		{1D83A94E-D93B-46D2-906D-0446E7106F33}.Debug|Any CPU.Build.0 = Debug|Any CPU
		{1D83A94E-D93B-46D2-906D-0446E7106F33}.Release|Any CPU.ActiveCfg = Release|Any CPU
		{1D83A94E-D93B-46D2-906D-0446E7106F33}.Release|Any CPU.Build.0 = Release|Any CPU
		{77FA2A53-2C55-4AAB-A03D-C0D14CB31481}.Debug|Any CPU.ActiveCfg = Debug|Any CPU
		{77FA2A53-2C55-4AAB-A03D-C0D14CB31481}.Debug|Any CPU.Build.0 = Debug|Any CPU
		{77FA2A53-2C55-4AAB-A03D-C0D14CB31481}.Release|Any CPU.ActiveCfg = Release|Any CPU
		{77FA2A53-2C55-4AAB-A03D-C0D14CB31481}.Release|Any CPU.Build.0 = Release|Any CPU
		{B3055BF4-F5A8-44FA-9829-1EDAAA03B076}.Debug|Any CPU.ActiveCfg = Debug|Any CPU
		{B3055BF4-F5A8-44FA-9829-1EDAAA03B076}.Debug|Any CPU.Build.0 = Debug|Any CPU
		{B3055BF4-F5A8-44FA-9829-1EDAAA03B076}.Release|Any CPU.ActiveCfg = Release|Any CPU
		{B3055BF4-F5A8-44FA-9829-1EDAAA03B076}.Release|Any CPU.Build.0 = Release|Any CPU
		{D9193E64-8D3F-4548-B493-C175832722C6}.Debug|Any CPU.ActiveCfg = Debug|Any CPU
		{D9193E64-8D3F-4548-B493-C175832722C6}.Debug|Any CPU.Build.0 = Debug|Any CPU
		{D9193E64-8D3F-4548-B493-C175832722C6}.Release|Any CPU.ActiveCfg = Release|Any CPU
		{D9193E64-8D3F-4548-B493-C175832722C6}.Release|Any CPU.Build.0 = Release|Any CPU
	EndGlobalSection
	GlobalSection(SolutionProperties) = preSolution
		HideSolutionNode = FALSE
	EndGlobalSection
	GlobalSection(ExtensibilityGlobals) = postSolution
		SolutionGuid = {B474C73D-97C7-461C-AE7B-9299A612DDCF}
	EndGlobalSection
EndGlobal
